{
  "name": "snakeeyes-stremio-addon",
  "version": "1.1.0",
  "lockfileVersion": 2,
  "requires": true,
  "packages": {
    "": {
      "name": "snakeeyes-stremio-addon",
      "version": "1.1.0",
      "dependencies": {
        "axios": "^1.6.0",
        "cors": "^2.8.5",
        "express": "^4.18.2",
        "node-fetch": "^2.6.11"
      },
      "engines": {
        "node": ">=14"
      }
    },
    "node_modules/axios": {
      "version": "1.6.0",
      "resolved": "https://registry.npmjs.org/axios/-/axios-1.6.0.tgz",
      "integrity": "sha512-c4LF3z1p51RT0f356Z11/2B8q1KftkpgcIS5QrWcv+q3xSMD1nMYIqrTVUetf/4p6V5nEUmoyuelxMsiAZiMZw=="
    },
    "node_modules/cors": {
      "version": "2.8.5",
      "resolved": "https://registry.npmjs.org/cors/-/cors-2.8.5.tgz",
      "integrity": "sha512-KIHbLJqu73RGr/hnbrO9nO9cnt2QqJc25MH+I6B11aCMKstP3vmAH6W8G5vgJ68/l/qB6E4zQzs7hWTutMJ2Jw==",
      "dependencies": {
        "object-assign": "^4.1.1",
        "vary": "^1.1.2"
      }
    },
    "node_modules/object-assign": {
      "version": "4.1.1",
      "resolved": "https://registry.npmjs.org/object-assign/-/object-assign-4.1.1.tgz",
      "integrity": "sha512-rJgTQnkUnH1sFw8yT5GvKwtVHhg0e37wYH91fJ3/6czOvO+0F7II1VVkl52SEui0DOjCCAf+3fpjlCMEnum8w=="
    },
    "node_modules/vary": {
      "version": "1.1.2",
      "resolved": "https://registry.npmjs.org/vary/-/vary-1.1.2.tgz",
      "integrity": "sha512-BNGbWLfd0FlwcklBCAa/x57go7mE07XhMjtYDZVaZ46FilqpL3MuIwUStCS50N8QMNRMQ6nHEycpj7xkGksLS=="
    },
    "node_modules/express": {
      "version": "4.18.2",
      "resolved": "https://registry.npmjs.org/express/-/express-4.18.2.tgz",
      "integrity": "sha512-5/PsL6iGPdfQ/lKM1UuYUul0sI+DyvaBoUMyaGBe7498g0+W351YY51MTe73hnPHtaIjtJM7PzzJzycIFLYdbQ==",
      "dependencies": {
        "accepts": "~1.3.8",
        "array-flatten": "1.1.1",
        "body-parser": "1.20.2",
        "content-disposition": "0.5.4",
        "content-type": "~1.0.4",
        "cookie": "0.5.0",
        "cookie-signature": "1.0.6",
        "debug": "2.6.9",
        "depd": "2.0.0",
        "encodeurl": "~1.0.2",
        "escape-html": "~1.0.3",
        "etag": "~1.8.1",
        "finalhandler": "1.2.0",
        "fresh": "0.5.2",
        "http-errors": "2.0.0",
        "merge-descriptors": "1.0.1",
        "methods": "~1.1.2",
        "on-finished": "2.4.1",
        "parseurl": "~1.3.3",
        "path-to-regexp": "0.1.7",
        "proxy-addr": "~2.0.7",
        "qs": "6.11.0",
        "range-parser": "~1.2.1",
        "safe-buffer": "5.2.1",
        "send": "0.18.0",
        "serve-static": "1.15.0",
        "setprototypeof": "1.2.0",
        "statuses": "2.0.1",
        "type-is": "~1.6.18",
        "utils-merge": "1.0.1",
        "vary": "~1.1.2"
      }
    },
    "node_modules/accepts": {
      "version": "1.3.8",
      "resolved": "https://registry.npmjs.org/accepts/-/accepts-1.3.8.tgz",
      "integrity": "sha512-PYAthTa2m2VKkIaido612LX2VmnGiQBQMj5Pa86IavEu8l8ShY1md8A8qmqapKNk7VWuv3CANxynuEga2polar=="
    },
    "node_modules/array-flatten": {
      "version": "1.1.1",
      "resolved": "https://registry.npmjs.org/array-flatten/-/array-flatten-1.1.1.tgz",
      "integrity": "sha512-PCVAQswWaja6kOqsTELb0dk6vJzJ42KPuXUmGon5+LlxMCUjCf9Z5OH9sWtAaEyB2i5f6VFXotMamWo2nsDmSw=="
    },
    "node_modules/body-parser": {
      "version": "1.20.2",
      "resolved": "https://registry.npmjs.org/body-parser/-/body-parser-1.20.2.tgz",
      "integrity": "sha512-ml9pReCu3M61koPn6kk4pUA5dO6wr8fo7ea/1d+zsA8c5wH0GfNKq68MBXvHs7vY4iwS6S0c4i8wagMcAott2Q=="
    },
    "node_modules/content-disposition": {
      "version": "0.5.4",
      "resolved": "https://registry.npmjs.org/content-disposition/-/content-disposition-0.5.4.tgz",
      "integrity": "sha512-FveZTNuGw04cxlAiWbzi6qghGH+DLQSnLiS/G50/yombji3Z3PjteoDL2K8BBp4A6By9qltotVW4z7CY2G6DXw=="
    },
    "node_modules/content-type": {
      "version": "1.0.4",
      "resolved": "https://registry.npmjs.org/content-type/-/content-type-1.0.4.tgz",
      "integrity": "sha512-hIP3wWqqEx5utIZoItV8AcBsSfru2RhvkJnXZtolZvieVaS8AgNYvvn5Q8BrCXMtUtSna3PJzs0rnAppJBAkiQ=="
    },
    "node_modules/cookie": {
      "version": "0.5.0",
      "resolved": "https://registry.npmjs.org/cookie/-/cookie-0.5.0.tgz",
      "integrity": "sha512-YZ3GUyn/o8gfKJlnlX7g7xeF9gSokt+oj4F+BY04STjCat5ebFr+xH87KfsAqk9XxtNotVmETwQay+DINUCMUQ=="
    },
    "node_modules/cookie-signature": {
      "version": "1.0.6",
      "resolved": "https://registry.npmjs.org/cookie-signature/-/cookie-signature-1.0.6.tgz",
      "integrity": "sha512-QADzlaHc8icV8I7vbaJXJwod9HWYp8uCqf1xa4OfNu1T7JqgwQvvn9D3ww/Na8RP1z5mB5+glnznMhtQo6S0DA=="
    },
    "node_modules/debug": {
      "version": "2.6.9",
      "resolved": "https://registry.npmjs.org/debug/-/debug-2.6.9.tgz",
      "integrity": "sha512-bC7ElrdJaJnPbAP+1EotYvqZsb3ecl5Pi6GATkT7a6nFS3jojP3dsFVQ5Lsi9nQm46hnrL/d0YrrLbus09X8w=="
    },
    "node_modules/depd": {
      "version": "2.0.0",
      "resolved": "https://registry.npmjs.org/depd/-/depd-2.0.0.tgz",
      "integrity": "sha512-g7nH6P6dyDExLj7AIxUMvd4lRIS8mB0BmkwkBnD8ZS3sgkVJeJFNO4c5Lpz5klLCWKuB1qaiJwVxvtkQi487xw=="
    },
    "node_modules/encodeurl": {
      "version": "1.0.2",
      "resolved": "https://registry.npmjs.org/encodeurl/-/encodeurl-1.0.2.tgz",
      "integrity": "sha512-TPJYc7eY/yU1za8dG49DZ13dIV46l3rfnNWLXSerie/Rlw7nKxUlM0LFkoE34+ayEB7qnw6zwqRR0sL+rBylaw=="
    },
    "node_modules/escape-html": {
      "version": "1.0.3",
      "resolved": "https://registry.npmjs.org/escape-html/-/escape-html-1.0.3.tgz",
      "integrity": "sha512-NL9Xf3/fQ7PvzWol1HA4Hj1guTJimEC2eS/gW8F2gLY7Z5c7P4nLSBJ26RIlcW6ecyNk8g4eIQYjl7dfQKkQw=="
    },
    "node_modules/etag": {
      "version": "1.8.1",
      "resolved": "https://registry.npmjs.org/etag/-/etag-1.8.1.tgz",
      "integrity": "sha512-aIL5Xs5ur0FO9oWvAjBkpiGvV/41Swc/9BRSL+Ctouwave12jTtX1Td9frqnxUxwhf1hyjuTScLvWLcg7bV+w=="
    },
    "node_modules/finalhandler": {
      "version": "1.2.0",
      "resolved": "https://registry.npmjs.org/finalhandler/-/finalhandler-1.2.0.tgz",
      "integrity": "sha512-5uIcUuOtbvF3GolGJjfzg4DltEMsQsan61nRstos6Zu24MCw5agiof3/NTjHVL0gHlfiaCKMI/K27AcVfyc9w=="
    },
    "node_modules/fresh": {
      "version": "0.5.2",
      "resolved": "https://registry.npmjs.org/fresh/-/fresh-0.5.2.tgz",
      "integrity": "sha512-zJ2mQYM18rEFOudeV4GWk5zP/A+ob1zcjlJSarLzwwvcKo3nWuZQZ2uz+ULHWP7pQltkendPhIK3badQOSEver=="
    },
    "node_modules/http-errors": {
      "version": "2.0.0",
      "resolved": "https://registry.npmjs.org/http-errors/-/http-errors-2.0.0.tgz",
      "integrity": "sha512-FtwxlvfIDVrga5xxI9DwZvV5+YeNHvkDqKTmn1q8OvOG/kHfCFPx8p3ZLPXwKxJX45Z1Rw6F7f3VCqJE8Pnpuw=="
    },
    "node_modules/merge-descriptors": {
      "version": "1.0.1",
      "resolved": "https://registry.npmjs.org/merge-descriptors/-/merge-descriptors-1.0.1.tgz",
      "integrity": "sha512-cCi6g3/Zr1iqQi6ySbseM1Xvooa98N0w31jzUYrXPX2xENCik/XJq4E2VqLWWe9IRQkGvjayQfjcdZJ/u0XawA=="
    },
    "node_modules/methods": {
      "version": "1.1.2",
      "resolved": "https://registry.npmjs.org/methods/-/methods-1.1.2.tgz",
      "integrity": "sha512-iclmx0IyWNTNMp73DualMvzLDDupQo0hkEoN6pW44vAt8Uc8KwAEZCyznstPhnbWeHjqdxl3Out5rqgixwGwA=="
    },
    "node_modules/on-finished": {
      "version": "2.4.1",
      "resolved": "https://registry.npmjs.org/on-finished/-/on-finished-2.4.1.tgz",
      "integrity": "sha512-oJlJWrzIeUn2ceBSmQAWNzvtkecdnv3rfiHLVx8NYr8halKVyUq8+IN9sp6CGEk9Tj8atA3+SH+NPAse8c7w=="
    },
    "node_modules/parseurl": {
      "version": "1.3.3",
      "resolved": "https://registry.npmjs.org/parseurl/-/parseurl-1.3.3.tgz",
      "integrity": "sha512-CiyeOxFT/JZyN5m0z9PffXlqstR8xTwkk+q1FFycqkOAV/2JYY5Z6xsDz7ZJw0G8UTF8kCbmbXvI7kGFRUN7w=="
    },
    "node_modules/path-to-regexp": {
      "version": "0.1.7",
      "resolved": "https://registry.npmjs.org/path-to-regexp/-/path-to-regexp-0.1.7.tgz",
      "integrity": "sha512-5DFkuoqlLsMiH3Y13JIc0eF38helBt2Y+K+0Sd1nafYnc16ZLuwLVnD+9rjbUUmMN6dBQMcPxC1CjnMnD4+0tg=="
    },
    "node_modules/proxy-addr": {
      "version": "2.0.7",
      "resolved": "https://registry.npmjs.org/proxy-addr/-/proxy-addr-2.0.7.tgz",
      "integrity": "sha512-llQsMLSUDRL7LSijlMVWaxLxFl/Z+FPIIepzMAbqXO8ne4m6lBFdomirVgZAqa/VISvocalVW6yDmmwN5qRcA=="
    },
    "node_modules/qs": {
      "version": "6.11.0",
      "resolved": "https://registry.npmjs.org/qs/-/qs-6.11.0.tgz",
      "integrity": "sha512-MvjoMCJwELg3lT6tsK6NU8hHVL/yl3gV1AD+KPCrfeYFSY60qWIsqiLRiakXdi38ZpVDZoo4ia28FburaxQmFg=="
    },
    "node_modules/range-parser": {
      "version": "1.2.1",
      "resolved": "https://registry.npmjs.org/range-parser/-/range-parser-1.2.1.tgz",
      "integrity": "sha512-Hrgaw7ewGVOhSuqmAZMtjW8I/ediCore/78d64wq+xNqtM2l71eaunVTND4cbMK5cqQmbtBBohwI2w+5coordinate=="
    },
    "node_modules/safe-buffer": {
      "version": "5.2.1",
      "resolved": "https://registry.npmjs.org/safe-buffer/-/safe-buffer-5.2.1.tgz",
      "integrity": "sha512-rp3So07kzZsp0k11mzMcA7yxB2pDqQXm8P9/FAteYAA/8TYxjwS5IOZtq8o+3sd3fsLJLc5z9KqKkkCXzxQrDw=="
    },
    "node_modules/send": {
      "version": "0.18.0",
      "resolved": "https://registry.npmjs.org/send/-/send-0.18.0.tgz",
      "integrity": "sha512-qqWzuOjSFqdLrsPIK+baHFrx82OM8rYFqVMj+188ERP4AkXP/ssKnMrmbnNcryWnkQhKYvXtXVWo8L+PGo1w=="
    },
    "node_modules/serve-static": {
      "version": "1.15.0",
      "resolved": "https://registry.npmjs.org/serve-static/-/serve-static-1.15.0.tgz",
      "integrity": "sha512-XGuRDNjXUijsUL0vl14sVNZKKpy2Z0dL8+wsuarE59QsbWGsBqFILMjE104DVxyn8ezQxJ8lFnH2+ByIZucug=="
    },
    "node_modules/setprototypeof": {
      "version": "1.2.0",
      "resolved": "https://registry.npmjs.org/setprototypeof/-/setprototypeof-1.2.0.tgz",
      "integrity": "sha512-E5LDX7Wrp85Kil5bhZv46j8jOeboKj8zFqblBMfwwS6pDhWuGErF0TmF45T7FMeDH3c/DOts8RAnSKFIcUy6w=="
    },
    "node_modules/statuses": {
      "version": "2.0.1",
      "resolved": "https://registry.npmjs.org/statuses/-/statuses-2.0.1.tgz",
      "integrity": "sha512-RwNA9Z/7PrvrzQcckaZvUZbKLb_Micnt1LjMsqDbzsbV5is8jkVtDz9+cm/wfsd0AWIIyTl4b6Y6ytszhJ3DEw=="
    },
    "node_modules/type-is": {
      "version": "1.6.18",
      "resolved": "https://registry.npmjs.org/type-is/-/type-is-1.6.18.tgz",
      "integrity": "sha512-TkRKr9sUTxEH8MdfuCSP/pWJA0mw4V2WLQkAiLM4XbPf59d41uqDMmqKkLEC/QQf8QLJrement4ztKE5KzmysQ=="
    },
    "node_modules/utils-merge": {
      "version": "1.0.1",
      "resolved": "https://registry.npmjs.org/utils-merge/-/utils-merge-1.0.1.tgz",
      "integrity": "sha512-pMZTvIkS1Z7JozbjQVn/aRZ7kv1efj0AKQk7ZjZ0aIlxV4XCMartin6i5cy8mnCY0pUlNusSaxSoJf5X57GJ2w=="
    },
    "node_modules/node-fetch": {
      "version": "2.6.11",
      "resolved": "https://registry.npmjs.org/node-fetch/-/node-fetch-2.6.11.tgz",
      "integrity": "sha512-4I6pdBY1EUR5RkWItqSKkfa0xLR2MotUnoCvXEuOLKT6p33n3MtzQIMP7IWxVwvAvQkzzo+NHXp+xNXHTElZ7DA=="
    }
  }
}
