{
  "name": "snakeeyes-stremio-addon",
  "version": "1.1.0",
  "lockfileVersion": 2,
  "requires": true,
  "packages": {
    "": {
      "name": "snakeeyes-stremio-addon",
      "version": "1.1.0",
      "dependencies": {
        "express": "^4.18.2",
        "cors": "^2.8.5",
        "node-fetch": "^2.6.11"
      },
      "engines": {
        "node": ">=14"
      }
    },
    "node_modules/express": {
      "version": "4.18.2",
      "resolved": "https://registry.npmjs.org/express/-/express-4.18.2.tgz",
      "integrity": "sha512-5/PsL6iGPdfQ/lKM1UuYUul0sI+DyvaBoUMyaGBe7498g0+W351YY51MTe73hnPHtaIjtJM7PzzJzycIFLYdbQ=="
    },
    "node_modules/cors": {
      "version": "2.8.5",
      "resolved": "https://registry.npmjs.org/cors/-/cors-2.8.5.tgz",
      "integrity": "sha512-KIHbLJqu73RGr/hnbrO9nO9cnt2QqJc25MH+I6B11aCMKstP3vmAH6W8G5vgJ68/l/qB6E4zQzs7hWTutMJ2Jw=="
    },
    "node_modules/node-fetch": {
      "version": "2.6.11",
      "resolved": "https://registry.npmjs.org/node-fetch/-/node-fetch-2.6.11.tgz",
      "integrity": "sha512-4I6pdBY1EUR5RkWItqSKkfa0xLR2MotUnoCvXEuOLKT6p33n3MtzQIMP7IWxVwvAvQkzzo+NHXp+xNXHTElZ7DA=="
    }
  }
}
